<?xml version="1.0" encoding="utf-8"?>
<Project ToolsVersion="4.0" xmlns="http://schemas.microsoft.com/developer/msbuild/2003">
  <ItemGroup>
    <Filter Include="리소스 파일">
      <UniqueIdentifier>{67DA6AB6-F800-4c08-8B7A-83BB121AAD01}</UniqueIdentifier>
      <Extensions>rc;ico;cur;bmp;dlg;rc2;rct;bin;rgs;gif;jpg;jpeg;jpe;resx;tiff;tif;png;wav;mfcribbon-ms</Extensions>
    </Filter>
    <Filter Include="Framework">
      <UniqueIdentifier>{bfa3a14d-bffd-41e3-a69c-5637117ada5d}</UniqueIdentifier>
    </Filter>
    <Filter Include="Game">
      <UniqueIdentifier>{52d09ae9-54f9-4dc0-a6e0-09c654d07026}</UniqueIdentifier>
    </Filter>
  </ItemGroup>
  <ItemGroup>
    <ClCompile Include="Main.c" />
    <ClCompile Include="FrameWork\App.c">
      <Filter>Framework</Filter>
    </ClCompile>
    <ClCompile Include="FrameWork\Renderer.c">
      <Filter>Framework</Filter>
    </ClCompile>
    <ClCompile Include="FrameWork\Timer.c">
      <Filter>Framework</Filter>
    </ClCompile>
  </ItemGroup>
  <ItemGroup>
    <ClInclude Include="Type.h" />
    <ClInclude Include="Common.h" />
    <ClInclude Include="FrameWork\App.h">
      <Filter>Framework</Filter>
    </ClInclude>
    <ClInclude Include="FrameWork\Renderer.h">
      <Filter>Framework</Filter>
    </ClInclude>
    <ClInclude Include="FrameWork\Timer.h">
      <Filter>Framework</Filter>
    </ClInclude>
  </ItemGroup>
</Project>